
Microsoft Visual Studio Solution File, Format Version 12.00
# Visual Studio Version 16
VisualStudioVersion = 16.0.31129.286
MinimumVisualStudioVersion = 10.0.40219.1
Project("{FAE04EC0-301F-11D3-BF4B-00C04F79EFBC}") = "CrmBL", "CrmBL\CrmBL.csproj", "{78461679-3B17-4250-8188-447ACBBB7F61}"
EndProject
Project("{FAE04EC0-301F-11D3-BF4B-00C04F79EFBC}") = "CrmUI", "CrmUI\CrmUI.csproj", "{ADB255C4-5A7B-449D-A2EA-F689E0883BB4}"
EndProject
Global
	GlobalSection(SolutionConfigurationPlatforms) = preSolution
		Debug|Any CPU = Debug|Any CPU
		Release|Any CPU = Release|Any CPU
	EndGlobalSection
	GlobalSection(ProjectConfigurationPlatforms) = postSolution
		{78461679-3B17-4250-8188-447ACBBB7F61}.Debug|Any CPU.ActiveCfg = Debug|Any CPU
		{78461679-3B17-4250-8188-447ACBBB7F61}.Debug|Any CPU.Build.0 = Debug|Any CPU
		{78461679-3B17-4250-8188-447ACBBB7F61}.Release|Any CPU.ActiveCfg = Release|Any CPU
		{78461679-3B17-4250-8188-447ACBBB7F61}.Release|Any CPU.Build.0 = Release|Any CPU
		{ADB255C4-5A7B-449D-A2EA-F689E0883BB4}.Debug|Any CPU.ActiveCfg = Debug|Any CPU
		{ADB255C4-5A7B-449D-A2EA-F689E0883BB4}.Debug|Any CPU.Build.0 = Debug|Any CPU
		{ADB255C4-5A7B-449D-A2EA-F689E0883BB4}.Release|Any CPU.ActiveCfg = Release|Any CPU
		{ADB255C4-5A7B-449D-A2EA-F689E0883BB4}.Release|Any CPU.Build.0 = Release|Any CPU
	EndGlobalSection
	GlobalSection(SolutionProperties) = preSolution
		HideSolutionNode = FALSE
	EndGlobalSection
	GlobalSection(ExtensibilityGlobals) = postSolution
		SolutionGuid = {3991C693-5BB7-4E08-9662-8A0D835AA537}
	EndGlobalSection
EndGlobal
